
Microsoft Visual Studio Solution File, Format Version 12.00
# Visual Studio Version 17
VisualStudioVersion = 17.0.31919.166
MinimumVisualStudioVersion = 10.0.40219.1
Project("{FAE04EC0-301F-11D3-BF4B-00C04F79EFBC}") = "ATM", "ATM.csproj", "{9D3B0E2F-D34F-49AA-B151-3D186A496BF4}"
EndProject
Project("{2150E333-8FDC-42A3-9474-1A3956D46DE8}") = "Solution Items", "Solution Items", "{D3F5FE0C-C6FA-4A17-8F19-956F3F1C14D8}"
	ProjectSection(SolutionItems) = preProject
		.editorconfig = .editorconfig
	EndProjectSection
EndProject
Global
	GlobalSection(SolutionConfigurationPlatforms) = preSolution
		Debug|Any CPU = Debug|Any CPU
		Release|Any CPU = Release|Any CPU
	EndGlobalSection
	GlobalSection(ProjectConfigurationPlatforms) = postSolution
		{9D3B0E2F-D34F-49AA-B151-3D186A496BF4}.Debug|Any CPU.ActiveCfg = Debug|Any CPU
		{9D3B0E2F-D34F-49AA-B151-3D186A496BF4}.Debug|Any CPU.Build.0 = Debug|Any CPU
		{9D3B0E2F-D34F-49AA-B151-3D186A496BF4}.Release|Any CPU.ActiveCfg = Release|Any CPU
		{9D3B0E2F-D34F-49AA-B151-3D186A496BF4}.Release|Any CPU.Build.0 = Release|Any CPU
	EndGlobalSection
	GlobalSection(SolutionProperties) = preSolution
		HideSolutionNode = FALSE
	EndGlobalSection
	GlobalSection(ExtensibilityGlobals) = postSolution
		SolutionGuid = {D73CB858-7551-453B-A39B-2B64DAB6E9AD}
	EndGlobalSection
EndGlobal
